PODS:
  - amplitude-react-native (1.11.0):
    - React-Core
  - boost (1.76.0)
  - DoubleConversion (1.1.6)
  - EXApplication (5.1.1):
    - ExpoModulesCore
  - EXConstants (14.3.0):
    - ExpoModulesCore
  - EXFileSystem (15.3.0):
    - ExpoModulesCore
  - EXFont (11.1.1):
    - ExpoModulesCore
  - Expo (48.0.21):
    - ExpoModulesCore
  - ExpoKeepAwake (12.0.1):
    - ExpoModulesCore
  - ExpoModulesCore (1.2.7):
    - React-Core
    - React-RCTAppDelegate
    - ReactCommon/turbomodule/core
  - EXSplashScreen (0.18.2):
    - ExpoModulesCore
    - React-Core
  - FBLazyVector (0.71.15)
  - FBReactNativeSpec (0.71.15):
    - RCT-Folly (= 2021.07.22.00)
    - RCTRequired (= 0.71.15)
    - RCTTypeSafety (= 0.71.15)
    - React-Core (= 0.71.15)
    - React-jsi (= 0.71.15)
    - ReactCommon/turbomodule/core (= 0.71.15)
  - fmt (6.2.1)
  - glog (0.3.5)
  - hermes-engine (0.71.14):
    - hermes-engine/Pre-built (= 0.71.14)
  - hermes-engine/Pre-built (0.71.14)
  - libevent (2.1.12)
  - RCT-Folly (2021.07.22.00):
    - boost
    - DoubleConversion
    - fmt (~> 6.2.1)
    - glog
    - RCT-Folly/Default (= 2021.07.22.00)
  - RCT-Folly/Default (2021.07.22.00):
    - boost
    - DoubleConversion
    - fmt (~> 6.2.1)
    - glog
  - RCT-Folly/Futures (2021.07.22.00):
    - boost
    - DoubleConversion
    - fmt (~> 6.2.1)
    - glog
    - libevent
  - RCTRequired (0.71.15)
  - RCTTypeSafety (0.71.15):
    - FBLazyVector (= 0.71.15)
    - RCTRequired (= 0.71.15)
    - React-Core (= 0.71.15)
  - React (0.71.15):
    - React-Core (= 0.71.15)
    - React-Core/DevSupport (= 0.71.15)
    - React-Core/RCTWebSocket (= 0.71.15)
    - React-RCTActionSheet (= 0.71.15)
    - React-RCTAnimation (= 0.71.15)
    - React-RCTBlob (= 0.71.15)
    - React-RCTImage (= 0.71.15)
    - React-RCTLinking (= 0.71.15)
    - React-RCTNetwork (= 0.71.15)
    - React-RCTSettings (= 0.71.15)
    - React-RCTText (= 0.71.15)
    - React-RCTVibration (= 0.71.15)
  - React-callinvoker (0.71.15)
  - React-Codegen (0.71.15):
    - FBReactNativeSpec
    - hermes-engine
    - RCT-Folly
    - RCTRequired
    - RCTTypeSafety
    - React-Core
    - React-jsi
    - React-jsiexecutor
    - ReactCommon/turbomodule/bridging
    - ReactCommon/turbomodule/core
  - React-Core (0.71.15):
    - glog
    - hermes-engine
    - RCT-Folly (= 2021.07.22.00)
    - React-Core/Default (= 0.71.15)
    - React-cxxreact (= 0.71.15)
    - React-hermes
    - React-jsi (= 0.71.15)
    - React-jsiexecutor (= 0.71.15)
    - React-perflogger (= 0.71.15)
    - Yoga
  - React-Core/CoreModulesHeaders (0.71.15):
    - glog
    - hermes-engine
    - RCT-Folly (= 2021.07.22.00)
    - React-Core/Default
    - React-cxxreact (= 0.71.15)
    - React-hermes
    - React-jsi (= 0.71.15)
    - React-jsiexecutor (= 0.71.15)
    - React-perflogger (= 0.71.15)
    - Yoga
  - React-Core/Default (0.71.15):
    - glog
    - hermes-engine
    - RCT-Folly (= 2021.07.22.00)
    - React-cxxreact (= 0.71.15)
    - React-hermes
    - React-jsi (= 0.71.15)
    - React-jsiexecutor (= 0.71.15)
    - React-perflogger (= 0.71.15)
    - Yoga
  - React-Core/DevSupport (0.71.15):
    - glog
    - hermes-engine
    - RCT-Folly (= 2021.07.22.00)
    - React-Core/Default (= 0.71.15)
    - React-Core/RCTWebSocket (= 0.71.15)
    - React-cxxreact (= 0.71.15)
    - React-hermes
    - React-jsi (= 0.71.15)
    - React-jsiexecutor (= 0.71.15)
    - React-jsinspector (= 0.71.15)
    - React-perflogger (= 0.71.15)
    - Yoga
  - React-Core/RCTActionSheetHeaders (0.71.15):
    - glog
    - hermes-engine
    - RCT-Folly (= 2021.07.22.00)
    - React-Core/Default
    - React-cxxreact (= 0.71.15)
    - React-hermes
    - React-jsi (= 0.71.15)
    - React-jsiexecutor (= 0.71.15)
    - React-perflogger (= 0.71.15)
    - Yoga
  - React-Core/RCTAnimationHeaders (0.71.15):
    - glog
    - hermes-engine
    - RCT-Folly (= 2021.07.22.00)
    - React-Core/Default
    - React-cxxreact (= 0.71.15)
    - React-hermes
    - React-jsi (= 0.71.15)
    - React-jsiexecutor (= 0.71.15)
    - React-perflogger (= 0.71.15)
    - Yoga
  - React-Core/RCTBlobHeaders (0.71.15):
    - glog
    - hermes-engine
    - RCT-Folly (= 2021.07.22.00)
    - React-Core/Default
    - React-cxxreact (= 0.71.15)
    - React-hermes
    - React-jsi (= 0.71.15)
    - React-jsiexecutor (= 0.71.15)
    - React-perflogger (= 0.71.15)
    - Yoga
  - React-Core/RCTImageHeaders (0.71.15):
    - glog
    - hermes-engine
    - RCT-Folly (= 2021.07.22.00)
    - React-Core/Default
    - React-cxxreact (= 0.71.15)
    - React-hermes
    - React-jsi (= 0.71.15)
    - React-jsiexecutor (= 0.71.15)
    - React-perflogger (= 0.71.15)
    - Yoga
  - React-Core/RCTLinkingHeaders (0.71.15):
    - glog
    - hermes-engine
    - RCT-Folly (= 2021.07.22.00)
    - React-Core/Default
    - React-cxxreact (= 0.71.15)
    - React-hermes
    - React-jsi (= 0.71.15)
    - React-jsiexecutor (= 0.71.15)
    - React-perflogger (= 0.71.15)
    - Yoga
  - React-Core/RCTNetworkHeaders (0.71.15):
    - glog
    - hermes-engine
    - RCT-Folly (= 2021.07.22.00)
    - React-Core/Default
    - React-cxxreact (= 0.71.15)
    - React-hermes
    - React-jsi (= 0.71.15)
    - React-jsiexecutor (= 0.71.15)
    - React-perflogger (= 0.71.15)
    - Yoga
  - React-Core/RCTSettingsHeaders (0.71.15):
    - glog
    - hermes-engine
    - RCT-Folly (= 2021.07.22.00)
    - React-Core/Default
    - React-cxxreact (= 0.71.15)
    - React-hermes
    - React-jsi (= 0.71.15)
    - React-jsiexecutor (= 0.71.15)
    - React-perflogger (= 0.71.15)
    - Yoga
  - React-Core/RCTTextHeaders (0.71.15):
    - glog
    - hermes-engine
    - RCT-Folly (= 2021.07.22.00)
    - React-Core/Default
    - React-cxxreact (= 0.71.15)
    - React-hermes
    - React-jsi (= 0.71.15)
    - React-jsiexecutor (= 0.71.15)
    - React-perflogger (= 0.71.15)
    - Yoga
  - React-Core/RCTVibrationHeaders (0.71.15):
    - glog
    - hermes-engine
    - RCT-Folly (= 2021.07.22.00)
    - React-Core/Default
    - React-cxxreact (= 0.71.15)
    - React-hermes
    - React-jsi (= 0.71.15)
    - React-jsiexecutor (= 0.71.15)
    - React-perflogger (= 0.71.15)
    - Yoga
  - React-Core/RCTWebSocket (0.71.15):
    - glog
    - hermes-engine
    - RCT-Folly (= 2021.07.22.00)
    - React-Core/Default (= 0.71.15)
    - React-cxxreact (= 0.71.15)
    - React-hermes
    - React-jsi (= 0.71.15)
    - React-jsiexecutor (= 0.71.15)
    - React-perflogger (= 0.71.15)
    - Yoga
  - React-CoreModules (0.71.15):
    - RCT-Folly (= 2021.07.22.00)
    - RCTTypeSafety (= 0.71.15)
    - React-Codegen (= 0.71.15)
    - React-Core/CoreModulesHeaders (= 0.71.15)
    - React-jsi (= 0.71.15)
    - React-RCTBlob
    - React-RCTImage (= 0.71.15)
    - ReactCommon/turbomodule/core (= 0.71.15)
  - React-cxxreact (0.71.15):
    - boost (= 1.76.0)
    - DoubleConversion
    - glog
    - hermes-engine
    - RCT-Folly (= 2021.07.22.00)
    - React-callinvoker (= 0.71.15)
    - React-jsi (= 0.71.15)
    - React-jsinspector (= 0.71.15)
    - React-logger (= 0.71.15)
    - React-perflogger (= 0.71.15)
    - React-runtimeexecutor (= 0.71.15)
  - React-hermes (0.71.15):
    - DoubleConversion
    - glog
    - hermes-engine
    - RCT-Folly (= 2021.07.22.00)
    - RCT-Folly/Futures (= 2021.07.22.00)
    - React-cxxreact (= 0.71.15)
    - React-jsi
    - React-jsiexecutor (= 0.71.15)
    - React-jsinspector (= 0.71.15)
    - React-perflogger (= 0.71.15)
  - React-jsi (0.71.15):
    - boost (= 1.76.0)
    - DoubleConversion
    - glog
    - hermes-engine
    - RCT-Folly (= 2021.07.22.00)
  - React-jsiexecutor (0.71.15):
    - DoubleConversion
    - glog
    - hermes-engine
    - RCT-Folly (= 2021.07.22.00)
    - React-cxxreact (= 0.71.15)
    - React-jsi (= 0.71.15)
    - React-perflogger (= 0.71.15)
  - React-jsinspector (0.71.15)
  - React-logger (0.71.15):
    - glog
  - react-native-safe-area-context (4.5.0):
    - RCT-Folly
    - RCTRequired
    - RCTTypeSafety
    - React-Core
    - ReactCommon/turbomodule/core
  - React-perflogger (0.71.15)
  - React-RCTActionSheet (0.71.15):
    - React-Core/RCTActionSheetHeaders (= 0.71.15)
  - React-RCTAnimation (0.71.15):
    - RCT-Folly (= 2021.07.22.00)
    - RCTTypeSafety (= 0.71.15)
    - React-Codegen (= 0.71.15)
    - React-Core/RCTAnimationHeaders (= 0.71.15)
    - React-jsi (= 0.71.15)
    - ReactCommon/turbomodule/core (= 0.71.15)
  - React-RCTAppDelegate (0.71.15):
    - RCT-Folly
    - RCTRequired
    - RCTTypeSafety
    - React-Core
    - ReactCommon/turbomodule/core
  - React-RCTBlob (0.71.15):
    - hermes-engine
    - RCT-Folly (= 2021.07.22.00)
    - React-Codegen (= 0.71.15)
    - React-Core/RCTBlobHeaders (= 0.71.15)
    - React-Core/RCTWebSocket (= 0.71.15)
    - React-jsi (= 0.71.15)
    - React-RCTNetwork (= 0.71.15)
    - ReactCommon/turbomodule/core (= 0.71.15)
  - React-RCTImage (0.71.15):
    - RCT-Folly (= 2021.07.22.00)
    - RCTTypeSafety (= 0.71.15)
    - React-Codegen (= 0.71.15)
    - React-Core/RCTImageHeaders (= 0.71.15)
    - React-jsi (= 0.71.15)
    - React-RCTNetwork (= 0.71.15)
    - ReactCommon/turbomodule/core (= 0.71.15)
  - React-RCTLinking (0.71.15):
    - React-Codegen (= 0.71.15)
    - React-Core/RCTLinkingHeaders (= 0.71.15)
    - React-jsi (= 0.71.15)
    - ReactCommon/turbomodule/core (= 0.71.15)
  - React-RCTNetwork (0.71.15):
    - RCT-Folly (= 2021.07.22.00)
    - RCTTypeSafety (= 0.71.15)
    - React-Codegen (= 0.71.15)
    - React-Core/RCTNetworkHeaders (= 0.71.15)
    - React-jsi (= 0.71.15)
    - ReactCommon/turbomodule/core (= 0.71.15)
  - React-RCTSettings (0.71.15):
    - RCT-Folly (= 2021.07.22.00)
    - RCTTypeSafety (= 0.71.15)
    - React-Codegen (= 0.71.15)
    - React-Core/RCTSettingsHeaders (= 0.71.15)
    - React-jsi (= 0.71.15)
    - ReactCommon/turbomodule/core (= 0.71.15)
  - React-RCTText (0.71.15):
    - React-Core/RCTTextHeaders (= 0.71.15)
  - React-RCTVibration (0.71.15):
    - RCT-Folly (= 2021.07.22.00)
    - React-Codegen (= 0.71.15)
    - React-Core/RCTVibrationHeaders (= 0.71.15)
    - React-jsi (= 0.71.15)
    - ReactCommon/turbomodule/core (= 0.71.15)
  - React-runtimeexecutor (0.71.15):
    - React-jsi (= 0.71.15)
  - ReactCommon/turbomodule/bridging (0.71.15):
    - DoubleConversion
    - glog
    - hermes-engine
    - RCT-Folly (= 2021.07.22.00)
    - React-callinvoker (= 0.71.15)
    - React-Core (= 0.71.15)
    - React-cxxreact (= 0.71.15)
    - React-jsi (= 0.71.15)
    - React-logger (= 0.71.15)
    - React-perflogger (= 0.71.15)
  - ReactCommon/turbomodule/core (0.71.15):
    - DoubleConversion
    - glog
    - hermes-engine
    - RCT-Folly (= 2021.07.22.00)
    - React-callinvoker (= 0.71.15)
    - React-Core (= 0.71.15)
    - React-cxxreact (= 0.71.15)
    - React-jsi (= 0.71.15)
    - React-logger (= 0.71.15)
    - React-perflogger (= 0.71.15)
  - RNCAsyncStorage (1.17.12):
    - React-Core
  - RNScreens (3.20.0):
    - React-Core
    - React-RCTImage
  - Yoga (1.14.0)

DEPENDENCIES:
  - amplitude-react-native (from `../../../../packages/analytics-react-native`)
  - boost (from `../node_modules/react-native/third-party-podspecs/boost.podspec`)
  - DoubleConversion (from `../node_modules/react-native/third-party-podspecs/DoubleConversion.podspec`)
  - EXApplication (from `../node_modules/expo-application/ios`)
  - EXConstants (from `../node_modules/expo-constants/ios`)
  - EXFileSystem (from `../node_modules/expo-file-system/ios`)
  - EXFont (from `../node_modules/expo-font/ios`)
  - Expo (from `../node_modules/expo`)
  - ExpoKeepAwake (from `../node_modules/expo-keep-awake/ios`)
  - ExpoModulesCore (from `../node_modules/expo-modules-core`)
  - EXSplashScreen (from `../node_modules/expo-splash-screen/ios`)
  - FBLazyVector (from `../node_modules/react-native/Libraries/FBLazyVector`)
  - FBReactNativeSpec (from `../node_modules/react-native/React/FBReactNativeSpec`)
  - glog (from `../node_modules/react-native/third-party-podspecs/glog.podspec`)
  - hermes-engine (from `../node_modules/react-native/sdks/hermes-engine/hermes-engine.podspec`)
  - libevent (~> 2.1.12)
  - RCT-Folly (from `../node_modules/react-native/third-party-podspecs/RCT-Folly.podspec`)
  - RCTRequired (from `../node_modules/react-native/Libraries/RCTRequired`)
  - RCTTypeSafety (from `../node_modules/react-native/Libraries/TypeSafety`)
  - React (from `../node_modules/react-native/`)
  - React-callinvoker (from `../node_modules/react-native/ReactCommon/callinvoker`)
  - React-Codegen (from `build/generated/ios`)
  - React-Core (from `../node_modules/react-native/`)
  - React-Core/RCTWebSocket (from `../node_modules/react-native/`)
  - React-CoreModules (from `../node_modules/react-native/React/CoreModules`)
  - React-cxxreact (from `../node_modules/react-native/ReactCommon/cxxreact`)
  - React-hermes (from `../node_modules/react-native/ReactCommon/hermes`)
  - React-jsi (from `../node_modules/react-native/ReactCommon/jsi`)
  - React-jsiexecutor (from `../node_modules/react-native/ReactCommon/jsiexecutor`)
  - React-jsinspector (from `../node_modules/react-native/ReactCommon/jsinspector`)
  - React-logger (from `../node_modules/react-native/ReactCommon/logger`)
  - react-native-safe-area-context (from `../node_modules/react-native-safe-area-context`)
  - React-perflogger (from `../node_modules/react-native/ReactCommon/reactperflogger`)
  - React-RCTActionSheet (from `../node_modules/react-native/Libraries/ActionSheetIOS`)
  - React-RCTAnimation (from `../node_modules/react-native/Libraries/NativeAnimation`)
  - React-RCTAppDelegate (from `../node_modules/react-native/Libraries/AppDelegate`)
  - React-RCTBlob (from `../node_modules/react-native/Libraries/Blob`)
  - React-RCTImage (from `../node_modules/react-native/Libraries/Image`)
  - React-RCTLinking (from `../node_modules/react-native/Libraries/LinkingIOS`)
  - React-RCTNetwork (from `../node_modules/react-native/Libraries/Network`)
  - React-RCTSettings (from `../node_modules/react-native/Libraries/Settings`)
  - React-RCTText (from `../node_modules/react-native/Libraries/Text`)
  - React-RCTVibration (from `../node_modules/react-native/Libraries/Vibration`)
  - React-runtimeexecutor (from `../node_modules/react-native/ReactCommon/runtimeexecutor`)
  - ReactCommon/turbomodule/core (from `../node_modules/react-native/ReactCommon`)
  - "RNCAsyncStorage (from `../node_modules/@react-native-async-storage/async-storage`)"
  - RNScreens (from `../node_modules/react-native-screens`)
  - Yoga (from `../node_modules/react-native/ReactCommon/yoga`)

SPEC REPOS:
  trunk:
    - fmt
    - libevent

EXTERNAL SOURCES:
  amplitude-react-native:
    :path: "../../../../packages/analytics-react-native"
  boost:
    :podspec: "../node_modules/react-native/third-party-podspecs/boost.podspec"
  DoubleConversion:
    :podspec: "../node_modules/react-native/third-party-podspecs/DoubleConversion.podspec"
  EXApplication:
    :path: "../node_modules/expo-application/ios"
  EXConstants:
    :path: "../node_modules/expo-constants/ios"
  EXFileSystem:
    :path: "../node_modules/expo-file-system/ios"
  EXFont:
    :path: "../node_modules/expo-font/ios"
  Expo:
    :path: "../node_modules/expo"
  ExpoKeepAwake:
    :path: "../node_modules/expo-keep-awake/ios"
  ExpoModulesCore:
    :path: "../node_modules/expo-modules-core"
  EXSplashScreen:
    :path: "../node_modules/expo-splash-screen/ios"
  FBLazyVector:
    :path: "../node_modules/react-native/Libraries/FBLazyVector"
  FBReactNativeSpec:
    :path: "../node_modules/react-native/React/FBReactNativeSpec"
  glog:
    :podspec: "../node_modules/react-native/third-party-podspecs/glog.podspec"
  hermes-engine:
    :podspec: "../node_modules/react-native/sdks/hermes-engine/hermes-engine.podspec"
  RCT-Folly:
    :podspec: "../node_modules/react-native/third-party-podspecs/RCT-Folly.podspec"
  RCTRequired:
    :path: "../node_modules/react-native/Libraries/RCTRequired"
  RCTTypeSafety:
    :path: "../node_modules/react-native/Libraries/TypeSafety"
  React:
    :path: "../node_modules/react-native/"
  React-callinvoker:
    :path: "../node_modules/react-native/ReactCommon/callinvoker"
  React-Codegen:
    :path: build/generated/ios
  React-Core:
    :path: "../node_modules/react-native/"
  React-CoreModules:
    :path: "../node_modules/react-native/React/CoreModules"
  React-cxxreact:
    :path: "../node_modules/react-native/ReactCommon/cxxreact"
  React-hermes:
    :path: "../node_modules/react-native/ReactCommon/hermes"
  React-jsi:
    :path: "../node_modules/react-native/ReactCommon/jsi"
  React-jsiexecutor:
    :path: "../node_modules/react-native/ReactCommon/jsiexecutor"
  React-jsinspector:
    :path: "../node_modules/react-native/ReactCommon/jsinspector"
  React-logger:
    :path: "../node_modules/react-native/ReactCommon/logger"
  react-native-safe-area-context:
    :path: "../node_modules/react-native-safe-area-context"
  React-perflogger:
    :path: "../node_modules/react-native/ReactCommon/reactperflogger"
  React-RCTActionSheet:
    :path: "../node_modules/react-native/Libraries/ActionSheetIOS"
  React-RCTAnimation:
    :path: "../node_modules/react-native/Libraries/NativeAnimation"
  React-RCTAppDelegate:
    :path: "../node_modules/react-native/Libraries/AppDelegate"
  React-RCTBlob:
    :path: "../node_modules/react-native/Libraries/Blob"
  React-RCTImage:
    :path: "../node_modules/react-native/Libraries/Image"
  React-RCTLinking:
    :path: "../node_modules/react-native/Libraries/LinkingIOS"
  React-RCTNetwork:
    :path: "../node_modules/react-native/Libraries/Network"
  React-RCTSettings:
    :path: "../node_modules/react-native/Libraries/Settings"
  React-RCTText:
    :path: "../node_modules/react-native/Libraries/Text"
  React-RCTVibration:
    :path: "../node_modules/react-native/Libraries/Vibration"
  React-runtimeexecutor:
    :path: "../node_modules/react-native/ReactCommon/runtimeexecutor"
  ReactCommon:
    :path: "../node_modules/react-native/ReactCommon"
  RNCAsyncStorage:
    :path: "../node_modules/@react-native-async-storage/async-storage"
  RNScreens:
    :path: "../node_modules/react-native-screens"
  Yoga:
    :path: "../node_modules/react-native/ReactCommon/yoga"

SPEC CHECKSUMS:
  amplitude-react-native: ec3c5e5c76f36e171bb79a9a1619037146456d87
  boost: 7dcd2de282d72e344012f7d6564d024930a6a440
  DoubleConversion: 5189b271737e1565bdce30deb4a08d647e3f5f54
  EXApplication: 9e02dde69a11d17d394bc89a9ea90c619217bada
  EXConstants: ad221b08987a389954327174b0385b04979e0ab7
  EXFileSystem: cba74f768c374e1b770fbc593af177af51e9de26
  EXFont: b5ea75d76062ca34e3bfbbff13566fff2ed3908e
  Expo: 05b4981d69ae273c308cf71c970910e5eb842683
  ExpoKeepAwake: 481c67a960701751b2a16e6018c2068602beb279
  ExpoModulesCore: 57b9b1b34195cd7c70e20b649934c37509988926
  EXSplashScreen: e4eb582134342e456ec72eda42ae017570c16eb0
  FBLazyVector: d06bbe89e3a89ee90c4deab1c84bf306ffa5ed37
  FBReactNativeSpec: d5d9871fe5c4b61787a3aed4f9e5529908e22069
  fmt: ff9d55029c625d3757ed641535fd4a75fedc7ce9
  glog: 04b94705f318337d7ead9e6d17c019bd9b1f6b1b
  hermes-engine: d7cc127932c89c53374452d6f93473f1970d8e88
  libevent: 4049cae6c81cdb3654a443be001fb9bdceff7913
  RCT-Folly: 8dc08ca5a393b48b1c523ab6220dfdcc0fe000ad
  RCTRequired: 4ce9da4fa2f8a134f62c70e4ab9d971b9d640f41
  RCTTypeSafety: decfec2884f0c523f799600d2b6105cdc15e13db
  React: ca22a0b3f199b6acac95416ef7eb96cc84a55103
  React-callinvoker: 366d4449bc2901e89da3f30c6d203c491d060350
  React-Codegen: 2bb7007d0030a0c07392868e91c3d0cd2c77ed97
  React-Core: a1a878c5f74f362f21afc5297dc18b12adf443e5
  React-CoreModules: 937863654eb2f9f690190b0b017cfb0d383be92b
  React-cxxreact: 34109a7064534d984ada9b388d47d9fbf6513dfa
  React-hermes: d8b93628a4878fbee8eac355a76ea61b47a7e8c0
  React-jsi: d9ad5ee344115de319ba278fe2a15170ba83b7d8
  React-jsiexecutor: 5cc0fdcf933aedb0ea9146172a9668ff38e5cac9
  React-jsinspector: 4ade58a6a355d97a53f847543b14f4cb5033cb70
  React-logger: fc6e4fa928e8773ebfb7f1d287fb6ae60715545a
  react-native-safe-area-context: 863c9695a24b9e6bb6c412f1c8ddb4dfc3ae3862
  React-perflogger: 0cc42978a483a47f3696171dac2e7033936fc82d
  React-RCTActionSheet: ea922b476d24f6d40b8e02ac3228412bd3637468
  React-RCTAnimation: 7be2c148398eaa5beac950b2b5ec7102389ec3ad
  React-RCTAppDelegate: ae2c93a4865c90da4b626f9bdd2e98d8b202b83b
  React-RCTBlob: 7a273128a9242e7944f3129b14b770a0794d4124
  React-RCTImage: 4a2cd71dd8c1954cfab50e244b269d47bdcc76da
  React-RCTLinking: c8ff9fe7f5741afc05894c7da4a0d2bd1458f247
  React-RCTNetwork: 93c329744baa8c04057a5a29b790618e0c2a6a68
  React-RCTSettings: bcd09cd3ee26967bdfbc8af174404b8ffabfbc3c
  React-RCTText: c525eb78cfe9489f130fa69004ff081a5ae33e06
  React-RCTVibration: a97783e3645ddf852e34da2e015656e309f3a083
  React-runtimeexecutor: 8f2ddd9db7874ec7de84f5c55d73aeaaf82908e2
  ReactCommon: 8d95b8119e03f52117fe890591c12c7d94d81d1a
  RNCAsyncStorage: 8b77ee488cbf644ac2335dbcd5fafd25d280ea13
  RNScreens: c6ae949c292bee8ed7f355ab2adcfc9a51629951
  Yoga: 68c9c592c3e80ec37ff28db20eedb13d84aae5df

PODFILE CHECKSUM: c9cb86cbfc1d40b6402d4c651c7fe050ccadee2b

COCOAPODS: 1.16.2
